
Microsoft Visual Studio Solution File, Format Version 12.00
# Visual Studio Version 17
VisualStudioVersion = 17.2.32616.157
MinimumVisualStudioVersion = 10.0.40219.1
Project("{FAE04EC0-301F-11D3-BF4B-00C04F79EFBC}") = "TeamsGenerator", "TeamsGenerator\TeamsGenerator.csproj", "{5B239FEF-BEBB-4271-AA38-7FEE3F2EE0F1}"
EndProject
Project("{9A19103F-16F7-4668-BE54-9A1E7A4F7556}") = "TeamsGeneratorWebAPI", "TeamsGeneratorWebAPI\TeamsGeneratorWebAPI.csproj", "{A26D6F65-D787-4673-AF44-9D1BA00ACE1F}"
EndProject
Global
	GlobalSection(SolutionConfigurationPlatforms) = preSolution
		Debug|Any CPU = Debug|Any CPU
		Release|Any CPU = Release|Any CPU
	EndGlobalSection
	GlobalSection(ProjectConfigurationPlatforms) = postSolution
		{5B239FEF-BEBB-4271-AA38-7FEE3F2EE0F1}.Debug|Any CPU.ActiveCfg = Debug|Any CPU
		{5B239FEF-BEBB-4271-AA38-7FEE3F2EE0F1}.Debug|Any CPU.Build.0 = Debug|Any CPU
		{5B239FEF-BEBB-4271-AA38-7FEE3F2EE0F1}.Release|Any CPU.ActiveCfg = Release|Any CPU
		{5B239FEF-BEBB-4271-AA38-7FEE3F2EE0F1}.Release|Any CPU.Build.0 = Release|Any CPU
		{A26D6F65-D787-4673-AF44-9D1BA00ACE1F}.Debug|Any CPU.ActiveCfg = Debug|Any CPU
		{A26D6F65-D787-4673-AF44-9D1BA00ACE1F}.Debug|Any CPU.Build.0 = Debug|Any CPU
		{A26D6F65-D787-4673-AF44-9D1BA00ACE1F}.Release|Any CPU.ActiveCfg = Release|Any CPU
		{A26D6F65-D787-4673-AF44-9D1BA00ACE1F}.Release|Any CPU.Build.0 = Release|Any CPU
	EndGlobalSection
	GlobalSection(SolutionProperties) = preSolution
		HideSolutionNode = FALSE
	EndGlobalSection
	GlobalSection(ExtensibilityGlobals) = postSolution
		SolutionGuid = {6B9EE6C4-E12F-46A2-9637-85D8A34D02CE}
	EndGlobalSection
EndGlobal
